// !$*UTF8*$!
{
	archiveVersion = 1;
	classes = {
	};
	objectVersion = 46;
	objects = {

/* Begin PBXBuildFile section */
		A5ED5A921F688B0D0092ED92 /* AppDelegate.swift in Sources */ = {isa = PBXBuildFile; fileRef = A5ED5A911F688B0D0092ED92 /* AppDelegate.swift */; };
		A5ED5A941F688B0D0092ED92 /* ViewController.swift in Sources */ = {isa = PBXBuildFile; fileRef = A5ED5A931F688B0D0092ED92 /* ViewController.swift */; };
		A5ED5A971F688B0D0092ED92 /* Main.storyboard in Resources */ = {isa = PBXBuildFile; fileRef = A5ED5A951F688B0D0092ED92 /* Main.storyboard */; };
		A5ED5A991F688B0D0092ED92 /* Assets.xcassets in Resources */ = {isa = PBXBuildFile; fileRef = A5ED5A981F688B0D0092ED92 /* Assets.xcassets */; };
		A5ED5A9C1F688B0D0092ED92 /* LaunchScreen.storyboard in Resources */ = {isa = PBXBuildFile; fileRef = A5ED5A9A1F688B0D0092ED92 /* LaunchScreen.storyboard */; };
		A5ED5AA71F688B0D0092ED92 /* Omar_Eltohamy_Calculator_Project1Tests.swift in Sources */ = {isa = PBXBuildFile; fileRef = A5ED5AA61F688B0D0092ED92 /* Omar_Eltohamy_Calculator_Project1Tests.swift */; };
		A5ED5AB21F688B0D0092ED92 /* Omar_Eltohamy_Calculator_Project1UITests.swift in Sources */ = {isa = PBXBuildFile; fileRef = A5ED5AB11F688B0D0092ED92 /* Omar_Eltohamy_Calculator_Project1UITests.swift */; };
/* End PBXBuildFile section */

/* Begin PBXContainerItemProxy section */
		A5ED5AA31F688B0D0092ED92 /* PBXContainerItemProxy */ = {
			isa = PBXContainerItemProxy;
			containerPortal = A5ED5A861F688B0C0092ED92 /* Project object */;
			proxyType = 1;
			remoteGlobalIDString = A5ED5A8D1F688B0C0092ED92;
			remoteInfo = Omar_Eltohamy_Calculator_Project1;
		};
		A5ED5AAE1F688B0D0092ED92 /* PBXContainerItemProxy */ = {
			isa = PBXContainerItemProxy;
			containerPortal = A5ED5A861F688B0C0092ED92 /* Project object */;
			proxyType = 1;
			remoteGlobalIDString = A5ED5A8D1F688B0C0092ED92;
			remoteInfo = Omar_Eltohamy_Calculator_Project1;
		};
/* End PBXContainerItemProxy section */

/* Begin PBXFileReference section */
		A5ED5A8E1F688B0C0092ED92 /* Omar_Eltohamy_Calculator_Project1.app */ = {isa = PBXFileReference; explicitFileType = wrapper.application; includeInIndex = 0; path = Omar_Eltohamy_Calculator_Project1.app; sourceTree = BUILT_PRODUCTS_DIR; };
		A5ED5A911F688B0D0092ED92 /* AppDelegate.swift */ = {isa = PBXFileReference; lastKnownFileType = sourcecode.swift; path = AppDelegate.swift; sourceTree = "<group>"; };
		A5ED5A931F688B0D0092ED92 /* ViewController.swift */ = {isa = PBXFileReference; lastKnownFileType = sourcecode.swift; path = ViewController.swift; sourceTree = "<group>"; };
		A5ED5A961F688B0D0092ED92 /* Base */ = {isa = PBXFileReference; lastKnownFileType = file.storyboard; name = Base; path = Base.lproj/Main.storyboard; sourceTree = "<group>"; };
		A5ED5A981F688B0D0092ED92 /* Assets.xcassets */ = {isa = PBXFileReference; lastKnownFileType = folder.assetcatalog; path = Assets.xcassets; sourceTree = "<group>"; };
		A5ED5A9B1F688B0D0092ED92 /* Base */ = {isa = PBXFileReference; lastKnownFileType = file.storyboard; name = Base; path = Base.lproj/LaunchScreen.storyboard; sourceTree = "<group>"; };
		A5ED5A9D1F688B0D0092ED92 /* Info.plist */ = {isa = PBXFileReference; lastKnownFileType = text.plist.xml; path = Info.plist; sourceTree = "<group>"; };
		A5ED5AA21F688B0D0092ED92 /* Omar_Eltohamy_Calculator_Project1Tests.xctest */ = {isa = PBXFileReference; explicitFileType = wrapper.cfbundle; includeInIndex = 0; path = Omar_Eltohamy_Calculator_Project1Tests.xctest; sourceTree = BUILT_PRODUCTS_DIR; };
		A5ED5AA61F688B0D0092ED92 /* Omar_Eltohamy_Calculator_Project1Tests.swift */ = {isa = PBXFileReference; lastKnownFileType = sourcecode.swift; path = Omar_Eltohamy_Calculator_Project1Tests.swift; sourceTree = "<group>"; };
		A5ED5AA81F688B0D0092ED92 /* Info.plist */ = {isa = PBXFileReference; lastKnownFileType = text.plist.xml; path = Info.plist; sourceTree = "<group>"; };
		A5ED5AAD1F688B0D0092ED92 /* Omar_Eltohamy_Calculator_Project1UITests.xctest */ = {isa = PBXFileReference; explicitFileType = wrapper.cfbundle; includeInIndex = 0; path = Omar_Eltohamy_Calculator_Project1UITests.xctest; sourceTree = BUILT_PRODUCTS_DIR; };
		A5ED5AB11F688B0D0092ED92 /* Omar_Eltohamy_Calculator_Project1UITests.swift */ = {isa = PBXFileReference; lastKnownFileType = sourcecode.swift; path = Omar_Eltohamy_Calculator_Project1UITests.swift; sourceTree = "<group>"; };
		A5ED5AB31F688B0D0092ED92 /* Info.plist */ = {isa = PBXFileReference; lastKnownFileType = text.plist.xml; path = Info.plist; sourceTree = "<group>"; };
/* End PBXFileReference section */

/* Begin PBXFrameworksBuildPhase section */
		A5ED5A8B1F688B0C0092ED92 /* Frameworks */ = {
			isa = PBXFrameworksBuildPhase;
			buildActionMask = 2147483647;
			files = (
			);
			runOnlyForDeploymentPostprocessing = 0;
		};
		A5ED5A9F1F688B0D0092ED92 /* Frameworks */ = {
			isa = PBXFrameworksBuildPhase;
			buildActionMask = 2147483647;
			files = (
			);
			runOnlyForDeploymentPostprocessing = 0;
		};
		A5ED5AAA1F688B0D0092ED92 /* Frameworks */ = {
			isa = PBXFrameworksBuildPhase;
			buildActionMask = 2147483647;
			files = (
			);
			runOnlyForDeploymentPostprocessing = 0;
		};
/* End PBXFrameworksBuildPhase section */

/* Begin PBXGroup section */
		A5ED5A851F688B0C0092ED92 = {
			isa = PBXGroup;
			children = (
				A5ED5A901F688B0C0092ED92 /* Omar_Eltohamy_Calculator_Project1 */,
				A5ED5AA51F688B0D0092ED92 /* Omar_Eltohamy_Calculator_Project1Tests */,
				A5ED5AB01F688B0D0092ED92 /* Omar_Eltohamy_Calculator_Project1UITests */,
				A5ED5A8F1F688B0C0092ED92 /* Products */,
			);
			sourceTree = "<group>";
		};
		A5ED5A8F1F688B0C0092ED92 /* Products */ = {
			isa = PBXGroup;
			children = (
				A5ED5A8E1F688B0C0092ED92 /* Omar_Eltohamy_Calculator_Project1.app */,
				A5ED5AA21F688B0D0092ED92 /* Omar_Eltohamy_Calculator_Project1Tests.xctest */,
				A5ED5AAD1F688B0D0092ED92 /* Omar_Eltohamy_Calculator_Project1UITests.xctest */,
			);
			name = Products;
			sourceTree = "<group>";
		};
		A5ED5A901F688B0C0092ED92 /* Omar_Eltohamy_Calculator_Project1 */ = {
			isa = PBXGroup;
			children = (
				A5ED5A911F688B0D0092ED92 /* AppDelegate.swift */,
				A5ED5A931F688B0D0092ED92 /* ViewController.swift */,
				A5ED5A951F688B0D0092ED92 /* Main.storyboard */,
				A5ED5A981F688B0D0092ED92 /* Assets.xcassets */,
				A5ED5A9A1F688B0D0092ED92 /* LaunchScreen.storyboard */,
				A5ED5A9D1F688B0D0092ED92 /* Info.plist */,
			);
			path = Omar_Eltohamy_Calculator_Project1;
			sourceTree = "<group>";
		};
		A5ED5AA51F688B0D0092ED92 /* Omar_Eltohamy_Calculator_Project1Tests */ = {
			isa = PBXGroup;
			children = (
				A5ED5AA61F688B0D0092ED92 /* Omar_Eltohamy_Calculator_Project1Tests.swift */,
				A5ED5AA81F688B0D0092ED92 /* Info.plist */,
			);
			path = Omar_Eltohamy_Calculator_Project1Tests;
			sourceTree = "<group>";
		};
		A5ED5AB01F688B0D0092ED92 /* Omar_Eltohamy_Calculator_Project1UITests */ = {
			isa = PBXGroup;
			children = (
				A5ED5AB11F688B0D0092ED92 /* Omar_Eltohamy_Calculator_Project1UITests.swift */,
				A5ED5AB31F688B0D0092ED92 /* Info.plist */,
			);
			path = Omar_Eltohamy_Calculator_Project1UITests;
			sourceTree = "<group>";
		};
/* End PBXGroup section */

/* Begin PBXNativeTarget section */
		A5ED5A8D1F688B0C0092ED92 /* Omar_Eltohamy_Calculator_Project1 */ = {
			isa = PBXNativeTarget;
			buildConfigurationList = A5ED5AB61F688B0D0092ED92 /* Build configuration list for PBXNativeTarget "Omar_Eltohamy_Calculator_Project1" */;
			buildPhases = (
				A5ED5A8A1F688B0C0092ED92 /* Sources */,
				A5ED5A8B1F688B0C0092ED92 /* Frameworks */,
				A5ED5A8C1F688B0C0092ED92 /* Resources */,
			);
			buildRules = (
			);
			dependencies = (
			);
			name = Omar_Eltohamy_Calculator_Project1;
			productName = Omar_Eltohamy_Calculator_Project1;
			productReference = A5ED5A8E1F688B0C0092ED92 /* Omar_Eltohamy_Calculator_Project1.app */;
			productType = "com.apple.product-type.application";
		};
		A5ED5AA11F688B0D0092ED92 /* Omar_Eltohamy_Calculator_Project1Tests */ = {
			isa = PBXNativeTarget;
			buildConfigurationList = A5ED5AB91F688B0D0092ED92 /* Build configuration list for PBXNativeTarget "Omar_Eltohamy_Calculator_Project1Tests" */;
			buildPhases = (
				A5ED5A9E1F688B0D0092ED92 /* Sources */,
				A5ED5A9F1F688B0D0092ED92 /* Frameworks */,
				A5ED5AA01F688B0D0092ED92 /* Resources */,
			);
			buildRules = (
			);
			dependencies = (
				A5ED5AA41F688B0D0092ED92 /* PBXTargetDependency */,
			);
			name = Omar_Eltohamy_Calculator_Project1Tests;
			productName = Omar_Eltohamy_Calculator_Project1Tests;
			productReference = A5ED5AA21F688B0D0092ED92 /* Omar_Eltohamy_Calculator_Project1Tests.xctest */;
			productType = "com.apple.product-type.bundle.unit-test";
		};
		A5ED5AAC1F688B0D0092ED92 /* Omar_Eltohamy_Calculator_Project1UITests */ = {
			isa = PBXNativeTarget;
			buildConfigurationList = A5ED5ABC1F688B0D0092ED92 /* Build configuration list for PBXNativeTarget "Omar_Eltohamy_Calculator_Project1UITests" */;
			buildPhases = (
				A5ED5AA91F688B0D0092ED92 /* Sources */,
				A5ED5AAA1F688B0D0092ED92 /* Frameworks */,
				A5ED5AAB1F688B0D0092ED92 /* Resources */,
			);
			buildRules = (
			);
			dependencies = (
				A5ED5AAF1F688B0D0092ED92 /* PBXTargetDependency */,
			);
			name = Omar_Eltohamy_Calculator_Project1UITests;
			productName = Omar_Eltohamy_Calculator_Project1UITests;
			productReference = A5ED5AAD1F688B0D0092ED92 /* Omar_Eltohamy_Calculator_Project1UITests.xctest */;
			productType = "com.apple.product-type.bundle.ui-testing";
		};
/* End PBXNativeTarget section */

/* Begin PBXProject section */
		A5ED5A861F688B0C0092ED92 /* Project object */ = {
			isa = PBXProject;
			attributes = {
				LastSwiftUpdateCheck = 0830;
				LastUpgradeCheck = 0830;
				ORGANIZATIONNAME = oeltoham;
				TargetAttributes = {
					A5ED5A8D1F688B0C0092ED92 = {
						CreatedOnToolsVersion = 8.3.3;
						DevelopmentTeam = UD843FX697;
						ProvisioningStyle = Automatic;
					};
					A5ED5AA11F688B0D0092ED92 = {
						CreatedOnToolsVersion = 8.3.3;
						DevelopmentTeam = UD843FX697;
						ProvisioningStyle = Automatic;
						TestTargetID = A5ED5A8D1F688B0C0092ED92;
					};
					A5ED5AAC1F688B0D0092ED92 = {
						CreatedOnToolsVersion = 8.3.3;
						DevelopmentTeam = UD843FX697;
						ProvisioningStyle = Automatic;
						TestTargetID = A5ED5A8D1F688B0C0092ED92;
					};
				};
			};
			buildConfigurationList = A5ED5A891F688B0C0092ED92 /* Build configuration list for PBXProject "Omar_Eltohamy_Calculator_Project1" */;
			compatibilityVersion = "Xcode 3.2";
			developmentRegion = English;
			hasScannedForEncodings = 0;
			knownRegions = (
				en,
				Base,
			);
			mainGroup = A5ED5A851F688B0C0092ED92;
			productRefGroup = A5ED5A8F1F688B0C0092ED92 /* Products */;
			projectDirPath = "";
			projectRoot = "";
			targets = (
				A5ED5A8D1F688B0C0092ED92 /* Omar_Eltohamy_Calculator_Project1 */,
				A5ED5AA11F688B0D0092ED92 /* Omar_Eltohamy_Calculator_Project1Tests */,
				A5ED5AAC1F688B0D0092ED92 /* Omar_Eltohamy_Calculator_Project1UITests */,
			);
		};
/* End PBXProject section */

/* Begin PBXResourcesBuildPhase section */
		A5ED5A8C1F688B0C0092ED92 /* Resources */ = {
			isa = PBXResourcesBuildPhase;
			buildActionMask = 2147483647;
			files = (
				A5ED5A9C1F688B0D0092ED92 /* LaunchScreen.storyboard in Resources */,
				A5ED5A991F688B0D0092ED92 /* Assets.xcassets in Resources */,
				A5ED5A971F688B0D0092ED92 /* Main.storyboard in Resources */,
			);
			runOnlyForDeploymentPostprocessing = 0;
		};
		A5ED5AA01F688B0D0092ED92 /* Resources */ = {
			isa = PBXResourcesBuildPhase;
			buildActionMask = 2147483647;
			files = (
			);
			runOnlyForDeploymentPostprocessing = 0;
		};
		A5ED5AAB1F688B0D0092ED92 /* Resources */ = {
			isa = PBXResourcesBuildPhase;
			buildActionMask = 2147483647;
			files = (
			);
			runOnlyForDeploymentPostprocessing = 0;
		};
/* End PBXResourcesBuildPhase section */

/* Begin PBXSourcesBuildPhase section */
		A5ED5A8A1F688B0C0092ED92 /* Sources */ = {
			isa = PBXSourcesBuildPhase;
			buildActionMask = 2147483647;
			files = (
				A5ED5A941F688B0D0092ED92 /* ViewController.swift in Sources */,
				A5ED5A921F688B0D0092ED92 /* AppDelegate.swift in Sources */,
			);
			runOnlyForDeploymentPostprocessing = 0;
		};
		A5ED5A9E1F688B0D0092ED92 /* Sources */ = {
			isa = PBXSourcesBuildPhase;
			buildActionMask = 2147483647;
			files = (
				A5ED5AA71F688B0D0092ED92 /* Omar_Eltohamy_Calculator_Project1Tests.swift in Sources */,
			);
			runOnlyForDeploymentPostprocessing = 0;
		};
		A5ED5AA91F688B0D0092ED92 /* Sources */ = {
			isa = PBXSourcesBuildPhase;
			buildActionMask = 2147483647;
			files = (
				A5ED5AB21F688B0D0092ED92 /* Omar_Eltohamy_Calculator_Project1UITests.swift in Sources */,
			);
			runOnlyForDeploymentPostprocessing = 0;
		};
/* End PBXSourcesBuildPhase section */

/* Begin PBXTargetDependency section */
		A5ED5AA41F688B0D0092ED92 /* PBXTargetDependency */ = {
			isa = PBXTargetDependency;
			target = A5ED5A8D1F688B0C0092ED92 /* Omar_Eltohamy_Calculator_Project1 */;
			targetProxy = A5ED5AA31F688B0D0092ED92 /* PBXContainerItemProxy */;
		};
		A5ED5AAF1F688B0D0092ED92 /* PBXTargetDependency */ = {
			isa = PBXTargetDependency;
			target = A5ED5A8D1F688B0C0092ED92 /* Omar_Eltohamy_Calculator_Project1 */;
			targetProxy = A5ED5AAE1F688B0D0092ED92 /* PBXContainerItemProxy */;
		};
/* End PBXTargetDependency section */

/* Begin PBXVariantGroup section */
		A5ED5A951F688B0D0092ED92 /* Main.storyboard */ = {
			isa = PBXVariantGroup;
			children = (
				A5ED5A961F688B0D0092ED92 /* Base */,
			);
			name = Main.storyboard;
			sourceTree = "<group>";
		};
		A5ED5A9A1F688B0D0092ED92 /* LaunchScreen.storyboard */ = {
			isa = PBXVariantGroup;
			children = (
				A5ED5A9B1F688B0D0092ED92 /* Base */,
			);
			name = LaunchScreen.storyboard;
			sourceTree = "<group>";
		};
/* End PBXVariantGroup section */

/* Begin XCBuildConfiguration section */
		A5ED5AB41F688B0D0092ED92 /* Debug */ = {
			isa = XCBuildConfiguration;
			buildSettings = {
				ALWAYS_SEARCH_USER_PATHS = NO;
				CLANG_ANALYZER_NONNULL = YES;
				CLANG_ANALYZER_NUMBER_OBJECT_CONVERSION = YES_AGGRESSIVE;
				CLANG_CXX_LANGUAGE_STANDARD = "gnu++0x";
				CLANG_CXX_LIBRARY = "libc++";
				CLANG_ENABLE_MODULES = YES;
				CLANG_ENABLE_OBJC_ARC = YES;
				CLANG_WARN_BOOL_CONVERSION = YES;
				CLANG_WARN_CONSTANT_CONVERSION = YES;
				CLANG_WARN_DIRECT_OBJC_ISA_USAGE = YES_ERROR;
				CLANG_WARN_DOCUMENTATION_COMMENTS = YES;
				CLANG_WARN_EMPTY_BODY = YES;
				CLANG_WARN_ENUM_CONVERSION = YES;
				CLANG_WARN_INFINITE_RECURSION = YES;
				CLANG_WARN_INT_CONVERSION = YES;
				CLANG_WARN_OBJC_ROOT_CLASS = YES_ERROR;
				CLANG_WARN_SUSPICIOUS_MOVE = YES;
				CLANG_WARN_UNREACHABLE_CODE = YES;
				CLANG_WARN__DUPLICATE_METHOD_MATCH = YES;
				"CODE_SIGN_IDENTITY[sdk=iphoneos*]" = "iPhone Developer";
				COPY_PHASE_STRIP = NO;
				DEBUG_INFORMATION_FORMAT = dwarf;
				ENABLE_STRICT_OBJC_MSGSEND = YES;
				ENABLE_TESTABILITY = YES;
				GCC_C_LANGUAGE_STANDARD = gnu99;
				GCC_DYNAMIC_NO_PIC = NO;
				GCC_NO_COMMON_BLOCKS = YES;
				GCC_OPTIMIZATION_LEVEL = 0;
				GCC_PREPROCESSOR_DEFINITIONS = (
					"DEBUG=1",
					"$(inherited)",
				);
				GCC_WARN_64_TO_32_BIT_CONVERSION = YES;
				GCC_WARN_ABOUT_RETURN_TYPE = YES_ERROR;
				GCC_WARN_UNDECLARED_SELECTOR = YES;
				GCC_WARN_UNINITIALIZED_AUTOS = YES_AGGRESSIVE;
				GCC_WARN_UNUSED_FUNCTION = YES;
				GCC_WARN_UNUSED_VARIABLE = YES;
				IPHONEOS_DEPLOYMENT_TARGET = 10.3;
				MTL_ENABLE_DEBUG_INFO = YES;
				ONLY_ACTIVE_ARCH = YES;
				SDKROOT = iphoneos;
				SWIFT_ACTIVE_COMPILATION_CONDITIONS = DEBUG;
				SWIFT_OPTIMIZATION_LEVEL = "-Onone";
				TARGETED_DEVICE_FAMILY = "1,2";
			};
			name = Debug;
		};
		A5ED5AB51F688B0D0092ED92 /* Release */ = {
			isa = XCBuildConfiguration;
			buildSettings = {
				ALWAYS_SEARCH_USER_PATHS = NO;
				CLANG_ANALYZER_NONNULL = YES;
				CLANG_ANALYZER_NUMBER_OBJECT_CONVERSION = YES_AGGRESSIVE;
				CLANG_CXX_LANGUAGE_STANDARD = "gnu++0x";
				CLANG_CXX_LIBRARY = "libc++";
				CLANG_ENABLE_MODULES = YES;
				CLANG_ENABLE_OBJC_ARC = YES;
				CLANG_WARN_BOOL_CONVERSION = YES;
				CLANG_WARN_CONSTANT_CONVERSION = YES;
				CLANG_WARN_DIRECT_OBJC_ISA_USAGE = YES_ERROR;
				CLANG_WARN_DOCUMENTATION_COMMENTS = YES;
				CLANG_WARN_EMPTY_BODY = YES;
				CLANG_WARN_ENUM_CONVERSION = YES;
				CLANG_WARN_INFINITE_RECURSION = YES;
				CLANG_WARN_INT_CONVERSION = YES;
				CLANG_WARN_OBJC_ROOT_CLASS = YES_ERROR;
				CLANG_WARN_SUSPICIOUS_MOVE = YES;
				CLANG_WARN_UNREACHABLE_CODE = YES;
				CLANG_WARN__DUPLICATE_METHOD_MATCH = YES;
				"CODE_SIGN_IDENTITY[sdk=iphoneos*]" = "iPhone Developer";
				COPY_PHASE_STRIP = NO;
				DEBUG_INFORMATION_FORMAT = "dwarf-with-dsym";
				ENABLE_NS_ASSERTIONS = NO;
				ENABLE_STRICT_OBJC_MSGSEND = YES;
				GCC_C_LANGUAGE_STANDARD = gnu99;
				GCC_NO_COMMON_BLOCKS = YES;
				GCC_WARN_64_TO_32_BIT_CONVERSION = YES;
				GCC_WARN_ABOUT_RETURN_TYPE = YES_ERROR;
				GCC_WARN_UNDECLARED_SELECTOR = YES;
				GCC_WARN_UNINITIALIZED_AUTOS = YES_AGGRESSIVE;
				GCC_WARN_UNUSED_FUNCTION = YES;
				GCC_WARN_UNUSED_VARIABLE = YES;
				IPHONEOS_DEPLOYMENT_TARGET = 10.3;
				MTL_ENABLE_DEBUG_INFO = NO;
				SDKROOT = iphoneos;
				SWIFT_OPTIMIZATION_LEVEL = "-Owholemodule";
				TARGETED_DEVICE_FAMILY = "1,2";
				VALIDATE_PRODUCT = YES;
			};
			name = Release;
		};
		A5ED5AB71F688B0D0092ED92 /* Debug */ = {
			isa = XCBuildConfiguration;
			buildSettings = {
				ASSETCATALOG_COMPILER_APPICON_NAME = AppIcon;
				DEVELOPMENT_TEAM = UD843FX697;
				INFOPLIST_FILE = Omar_Eltohamy_Calculator_Project1/Info.plist;
				LD_RUNPATH_SEARCH_PATHS = "$(inherited) @executable_path/Frameworks";
				PRODUCT_BUNDLE_IDENTIFIER = "com.oeltoham.Omar-Eltohamy-Calculator-Project1";
				PRODUCT_NAME = "$(TARGET_NAME)";
				SWIFT_VERSION = 3.0;
			};
			name = Debug;
		};
		A5ED5AB81F688B0D0092ED92 /* Release */ = {
			isa = XCBuildConfiguration;
			buildSettings = {
				ASSETCATALOG_COMPILER_APPICON_NAME = AppIcon;
				DEVELOPMENT_TEAM = UD843FX697;
				INFOPLIST_FILE = Omar_Eltohamy_Calculator_Project1/Info.plist;
				LD_RUNPATH_SEARCH_PATHS = "$(inherited) @executable_path/Frameworks";
				PRODUCT_BUNDLE_IDENTIFIER = "com.oeltoham.Omar-Eltohamy-Calculator-Project1";
				PRODUCT_NAME = "$(TARGET_NAME)";
				SWIFT_VERSION = 3.0;
			};
			name = Release;
		};
		A5ED5ABA1F688B0D0092ED92 /* Debug */ = {
			isa = XCBuildConfiguration;
			buildSettings = {
				ALWAYS_EMBED_SWIFT_STANDARD_LIBRARIES = YES;
				BUNDLE_LOADER = "$(TEST_HOST)";
				DEVELOPMENT_TEAM = UD843FX697;
				INFOPLIST_FILE = Omar_Eltohamy_Calculator_Project1Tests/Info.plist;
				LD_RUNPATH_SEARCH_PATHS = "$(inherited) @executable_path/Frameworks @loader_path/Frameworks";
				PRODUCT_BUNDLE_IDENTIFIER = "com.oeltoham.Omar-Eltohamy-Calculator-Project1Tests";
				PRODUCT_NAME = "$(TARGET_NAME)";
				SWIFT_VERSION = 3.0;
				TEST_HOST = "$(BUILT_PRODUCTS_DIR)/Omar_Eltohamy_Calculator_Project1.app/Omar_Eltohamy_Calculator_Project1";
			};
			name = Debug;
		};
		A5ED5ABB1F688B0D0092ED92 /* Release */ = {
			isa = XCBuildConfiguration;
			buildSettings = {
				ALWAYS_EMBED_SWIFT_STANDARD_LIBRARIES = YES;
				BUNDLE_LOADER = "$(TEST_HOST)";
				DEVELOPMENT_TEAM = UD843FX697;
				INFOPLIST_FILE = Omar_Eltohamy_Calculator_Project1Tests/Info.plist;
				LD_RUNPATH_SEARCH_PATHS = "$(inherited) @executable_path/Frameworks @loader_path/Frameworks";
				PRODUCT_BUNDLE_IDENTIFIER = "com.oeltoham.Omar-Eltohamy-Calculator-Project1Tests";
				PRODUCT_NAME = "$(TARGET_NAME)";
				SWIFT_VERSION = 3.0;
				TEST_HOST = "$(BUILT_PRODUCTS_DIR)/Omar_Eltohamy_Calculator_Project1.app/Omar_Eltohamy_Calculator_Project1";
			};
			name = Release;
		};
		A5ED5ABD1F688B0D0092ED92 /* Debug */ = {
			isa = XCBuildConfiguration;
			buildSettings = {
				ALWAYS_EMBED_SWIFT_STANDARD_LIBRARIES = YES;
				DEVELOPMENT_TEAM = UD843FX697;
				INFOPLIST_FILE = Omar_Eltohamy_Calculator_Project1UITests/Info.plist;
				LD_RUNPATH_SEARCH_PATHS = "$(inherited) @executable_path/Frameworks @loader_path/Frameworks";
				PRODUCT_BUNDLE_IDENTIFIER = "com.oeltoham.Omar-Eltohamy-Calculator-Project1UITests";
				PRODUCT_NAME = "$(TARGET_NAME)";
				SWIFT_VERSION = 3.0;
				TEST_TARGET_NAME = Omar_Eltohamy_Calculator_Project1;
			};
			name = Debug;
		};
		A5ED5ABE1F688B0D0092ED92 /* Release */ = {
			isa = XCBuildConfiguration;
			buildSettings = {
				ALWAYS_EMBED_SWIFT_STANDARD_LIBRARIES = YES;
				DEVELOPMENT_TEAM = UD843FX697;
				INFOPLIST_FILE = Omar_Eltohamy_Calculator_Project1UITests/Info.plist;
				LD_RUNPATH_SEARCH_PATHS = "$(inherited) @executable_path/Frameworks @loader_path/Frameworks";
				PRODUCT_BUNDLE_IDENTIFIER = "com.oeltoham.Omar-Eltohamy-Calculator-Project1UITests";
				PRODUCT_NAME = "$(TARGET_NAME)";
				SWIFT_VERSION = 3.0;
				TEST_TARGET_NAME = Omar_Eltohamy_Calculator_Project1;
			};
			name = Release;
		};
/* End XCBuildConfiguration section */

/* Begin XCConfigurationList section */
		A5ED5A891F688B0C0092ED92 /* Build configuration list for PBXProject "Omar_Eltohamy_Calculator_Project1" */ = {
			isa = XCConfigurationList;
			buildConfigurations = (
				A5ED5AB41F688B0D0092ED92 /* Debug */,
				A5ED5AB51F688B0D0092ED92 /* Release */,
			);
			defaultConfigurationIsVisible = 0;
			defaultConfigurationName = Release;
		};
		A5ED5AB61F688B0D0092ED92 /* Build configuration list for PBXNativeTarget "Omar_Eltohamy_Calculator_Project1" */ = {
			isa = XCConfigurationList;
			buildConfigurations = (
				A5ED5AB71F688B0D0092ED92 /* Debug */,
				A5ED5AB81F688B0D0092ED92 /* Release */,
			);
			defaultConfigurationIsVisible = 0;
		};
		A5ED5AB91F688B0D0092ED92 /* Build configuration list for PBXNativeTarget "Omar_Eltohamy_Calculator_Project1Tests" */ = {
			isa = XCConfigurationList;
			buildConfigurations = (
				A5ED5ABA1F688B0D0092ED92 /* Debug */,
				A5ED5ABB1F688B0D0092ED92 /* Release */,
			);
			defaultConfigurationIsVisible = 0;
		};
		A5ED5ABC1F688B0D0092ED92 /* Build configuration list for PBXNativeTarget "Omar_Eltohamy_Calculator_Project1UITests" */ = {
			isa = XCConfigurationList;
			buildConfigurations = (
				A5ED5ABD1F688B0D0092ED92 /* Debug */,
				A5ED5ABE1F688B0D0092ED92 /* Release */,
			);
			defaultConfigurationIsVisible = 0;
		};
/* End XCConfigurationList section */
	};
	rootObject = A5ED5A861F688B0C0092ED92 /* Project object */;
}
